
Microsoft Visual Studio Solution File, Format Version 12.00
# Visual Studio 15
VisualStudioVersion = 15.0.27004.2005
MinimumVisualStudioVersion = 10.0.40219.1
Project("{FAE04EC0-301F-11D3-BF4B-00C04F79EFBC}") = "Client", "Client\Client.csproj", "{A269B115-465C-42C2-8668-1F015AF05260}"
EndProject
Project("{FAE04EC0-301F-11D3-BF4B-00C04F79EFBC}") = "Server", "Server1\Server.csproj", "{2BCBE798-9812-4943-9D9D-F08FE392938B}"
EndProject
Global
	GlobalSection(SolutionConfigurationPlatforms) = preSolution
		Debug|Any CPU = Debug|Any CPU
		Release|Any CPU = Release|Any CPU
	EndGlobalSection
	GlobalSection(ProjectConfigurationPlatforms) = postSolution
		{A269B115-465C-42C2-8668-1F015AF05260}.Debug|Any CPU.ActiveCfg = Debug|Any CPU
		{A269B115-465C-42C2-8668-1F015AF05260}.Debug|Any CPU.Build.0 = Debug|Any CPU
		{A269B115-465C-42C2-8668-1F015AF05260}.Release|Any CPU.ActiveCfg = Release|Any CPU
		{A269B115-465C-42C2-8668-1F015AF05260}.Release|Any CPU.Build.0 = Release|Any CPU
		{2BCBE798-9812-4943-9D9D-F08FE392938B}.Debug|Any CPU.ActiveCfg = Debug|Any CPU
		{2BCBE798-9812-4943-9D9D-F08FE392938B}.Debug|Any CPU.Build.0 = Debug|Any CPU
		{2BCBE798-9812-4943-9D9D-F08FE392938B}.Release|Any CPU.ActiveCfg = Release|Any CPU
		{2BCBE798-9812-4943-9D9D-F08FE392938B}.Release|Any CPU.Build.0 = Release|Any CPU
	EndGlobalSection
	GlobalSection(SolutionProperties) = preSolution
		HideSolutionNode = FALSE
	EndGlobalSection
	GlobalSection(ExtensibilityGlobals) = postSolution
		SolutionGuid = {16EEBCBD-6473-4CF4-B134-542292D84A55}
	EndGlobalSection
EndGlobal
