
Microsoft Visual Studio Solution File, Format Version 12.00
# Visual Studio 15
VisualStudioVersion = 15.0.27004.2005
MinimumVisualStudioVersion = 10.0.40219.1
Project("{FAE04EC0-301F-11D3-BF4B-00C04F79EFBC}") = "Server", "Server\Server.csproj", "{D402ED1D-46B6-4BAA-84F4-ADC641A6406D}"
EndProject
Project("{FAE04EC0-301F-11D3-BF4B-00C04F79EFBC}") = "Entities", "Entities\Entities.csproj", "{0C9C99F9-3360-4F9C-8465-70D92FF82D99}"
EndProject
Project("{FAE04EC0-301F-11D3-BF4B-00C04F79EFBC}") = "Protocol", "Protocol\Protocol.csproj", "{C5B831A8-BD27-4AB5-8D79-91513D429AF3}"
EndProject
Project("{FAE04EC0-301F-11D3-BF4B-00C04F79EFBC}") = "Client", "Client\Client.csproj", "{1DFEB3B4-6997-4F60-9216-BA014AAF82C4}"
EndProject
Project("{FAE04EC0-301F-11D3-BF4B-00C04F79EFBC}") = "Log", "Log\Log.csproj", "{42D9042E-87F7-4B9A-A54A-9952AB8C8E3F}"
EndProject
Global
	GlobalSection(SolutionConfigurationPlatforms) = preSolution
		Debug|Any CPU = Debug|Any CPU
		Release|Any CPU = Release|Any CPU
	EndGlobalSection
	GlobalSection(ProjectConfigurationPlatforms) = postSolution
		{D402ED1D-46B6-4BAA-84F4-ADC641A6406D}.Debug|Any CPU.ActiveCfg = Debug|Any CPU
		{D402ED1D-46B6-4BAA-84F4-ADC641A6406D}.Debug|Any CPU.Build.0 = Debug|Any CPU
		{D402ED1D-46B6-4BAA-84F4-ADC641A6406D}.Release|Any CPU.ActiveCfg = Release|Any CPU
		{D402ED1D-46B6-4BAA-84F4-ADC641A6406D}.Release|Any CPU.Build.0 = Release|Any CPU
		{0C9C99F9-3360-4F9C-8465-70D92FF82D99}.Debug|Any CPU.ActiveCfg = Debug|Any CPU
		{0C9C99F9-3360-4F9C-8465-70D92FF82D99}.Debug|Any CPU.Build.0 = Debug|Any CPU
		{0C9C99F9-3360-4F9C-8465-70D92FF82D99}.Release|Any CPU.ActiveCfg = Release|Any CPU
		{0C9C99F9-3360-4F9C-8465-70D92FF82D99}.Release|Any CPU.Build.0 = Release|Any CPU
		{C5B831A8-BD27-4AB5-8D79-91513D429AF3}.Debug|Any CPU.ActiveCfg = Debug|Any CPU
		{C5B831A8-BD27-4AB5-8D79-91513D429AF3}.Debug|Any CPU.Build.0 = Debug|Any CPU
		{C5B831A8-BD27-4AB5-8D79-91513D429AF3}.Release|Any CPU.ActiveCfg = Release|Any CPU
		{C5B831A8-BD27-4AB5-8D79-91513D429AF3}.Release|Any CPU.Build.0 = Release|Any CPU
		{1DFEB3B4-6997-4F60-9216-BA014AAF82C4}.Debug|Any CPU.ActiveCfg = Debug|Any CPU
		{1DFEB3B4-6997-4F60-9216-BA014AAF82C4}.Debug|Any CPU.Build.0 = Debug|Any CPU
		{1DFEB3B4-6997-4F60-9216-BA014AAF82C4}.Release|Any CPU.ActiveCfg = Release|Any CPU
		{1DFEB3B4-6997-4F60-9216-BA014AAF82C4}.Release|Any CPU.Build.0 = Release|Any CPU
		{42D9042E-87F7-4B9A-A54A-9952AB8C8E3F}.Debug|Any CPU.ActiveCfg = Debug|Any CPU
		{42D9042E-87F7-4B9A-A54A-9952AB8C8E3F}.Debug|Any CPU.Build.0 = Debug|Any CPU
		{42D9042E-87F7-4B9A-A54A-9952AB8C8E3F}.Release|Any CPU.ActiveCfg = Release|Any CPU
		{42D9042E-87F7-4B9A-A54A-9952AB8C8E3F}.Release|Any CPU.Build.0 = Release|Any CPU
	EndGlobalSection
	GlobalSection(SolutionProperties) = preSolution
		HideSolutionNode = FALSE
	EndGlobalSection
	GlobalSection(ExtensibilityGlobals) = postSolution
		SolutionGuid = {933AEAD5-CDA2-458C-82EB-A294A04BFA85}
	EndGlobalSection
EndGlobal
